
Microsoft Visual Studio Solution File, Format Version 12.00
# Visual Studio Version 17
VisualStudioVersion = 17.0.31912.275
MinimumVisualStudioVersion = 10.0.40219.1
Project("{FAE04EC0-301F-11D3-BF4B-00C04F79EFBC}") = "PracticeTask11", "PracticeTask11\PracticeTask11.csproj", "{B582602D-9B83-40B4-9238-C43902C0A407}"
EndProject
Global
	GlobalSection(SolutionConfigurationPlatforms) = preSolution
		Debug|Any CPU = Debug|Any CPU
		Release|Any CPU = Release|Any CPU
	EndGlobalSection
	GlobalSection(ProjectConfigurationPlatforms) = postSolution
		{B582602D-9B83-40B4-9238-C43902C0A407}.Debug|Any CPU.ActiveCfg = Debug|Any CPU
		{B582602D-9B83-40B4-9238-C43902C0A407}.Debug|Any CPU.Build.0 = Debug|Any CPU
		{B582602D-9B83-40B4-9238-C43902C0A407}.Release|Any CPU.ActiveCfg = Release|Any CPU
		{B582602D-9B83-40B4-9238-C43902C0A407}.Release|Any CPU.Build.0 = Release|Any CPU
	EndGlobalSection
	GlobalSection(SolutionProperties) = preSolution
		HideSolutionNode = FALSE
	EndGlobalSection
	GlobalSection(ExtensibilityGlobals) = postSolution
		SolutionGuid = {AE492501-6692-4573-9FCD-BEDC08CFDCF1}
	EndGlobalSection
EndGlobal
